
Microsoft Visual Studio Solution File, Format Version 12.00
# Visual Studio Version 16
VisualStudioVersion = 16.0.32228.343
MinimumVisualStudioVersion = 10.0.40219.1
Project("{FAE04EC0-301F-11D3-BF4B-00C04F79EFBC}") = "AdventOfCode2022", "AdventOfCode2022.csproj", "{FDE5214B-C16A-45FF-B20D-F94E6426398B}"
EndProject
Project("{FAE04EC0-301F-11D3-BF4B-00C04F79EFBC}") = "Advent2022Tests", "..\Advent2022Tests\Advent2022Tests.csproj", "{B58DE8BD-5B74-4F82-810D-72B394429683}"
EndProject
Global
	GlobalSection(SolutionConfigurationPlatforms) = preSolution
		Debug|Any CPU = Debug|Any CPU
		Release|Any CPU = Release|Any CPU
	EndGlobalSection
	GlobalSection(ProjectConfigurationPlatforms) = postSolution
		{FDE5214B-C16A-45FF-B20D-F94E6426398B}.Debug|Any CPU.ActiveCfg = Debug|Any CPU
		{FDE5214B-C16A-45FF-B20D-F94E6426398B}.Debug|Any CPU.Build.0 = Debug|Any CPU
		{FDE5214B-C16A-45FF-B20D-F94E6426398B}.Release|Any CPU.ActiveCfg = Release|Any CPU
		{FDE5214B-C16A-45FF-B20D-F94E6426398B}.Release|Any CPU.Build.0 = Release|Any CPU
		{B58DE8BD-5B74-4F82-810D-72B394429683}.Debug|Any CPU.ActiveCfg = Debug|Any CPU
		{B58DE8BD-5B74-4F82-810D-72B394429683}.Debug|Any CPU.Build.0 = Debug|Any CPU
		{B58DE8BD-5B74-4F82-810D-72B394429683}.Release|Any CPU.ActiveCfg = Release|Any CPU
		{B58DE8BD-5B74-4F82-810D-72B394429683}.Release|Any CPU.Build.0 = Release|Any CPU
	EndGlobalSection
	GlobalSection(SolutionProperties) = preSolution
		HideSolutionNode = FALSE
	EndGlobalSection
	GlobalSection(ExtensibilityGlobals) = postSolution
		SolutionGuid = {11E8AA31-12A4-4BA9-A9F2-D15988E1F0F5}
	EndGlobalSection
EndGlobal
